
Microsoft Visual Studio Solution File, Format Version 12.00
# Visual Studio Version 16
VisualStudioVersion = 16.0.29519.87
MinimumVisualStudioVersion = 10.0.40219.1
Project("{9A19103F-16F7-4668-BE54-9A1E7A4F7556}") = "TravelAgency", "TravelAgency\TravelAgency.csproj", "{386A74FD-3673-4A76-9801-94DD8CE6842C}"
EndProject
Project("{FAE04EC0-301F-11D3-BF4B-00C04F79EFBC}") = "TravelAgency.Models", "TravelAgency.Models\TravelAgency.Models.csproj", "{6F1E0AC9-B64F-4B90-B0E7-26F9BCDAC2FE}"
EndProject
Global
	GlobalSection(SolutionConfigurationPlatforms) = preSolution
		Debug|Any CPU = Debug|Any CPU
		Release|Any CPU = Release|Any CPU
	EndGlobalSection
	GlobalSection(ProjectConfigurationPlatforms) = postSolution
		{386A74FD-3673-4A76-9801-94DD8CE6842C}.Debug|Any CPU.ActiveCfg = Debug|Any CPU
		{386A74FD-3673-4A76-9801-94DD8CE6842C}.Debug|Any CPU.Build.0 = Debug|Any CPU
		{386A74FD-3673-4A76-9801-94DD8CE6842C}.Release|Any CPU.ActiveCfg = Release|Any CPU
		{386A74FD-3673-4A76-9801-94DD8CE6842C}.Release|Any CPU.Build.0 = Release|Any CPU
		{6F1E0AC9-B64F-4B90-B0E7-26F9BCDAC2FE}.Debug|Any CPU.ActiveCfg = Debug|Any CPU
		{6F1E0AC9-B64F-4B90-B0E7-26F9BCDAC2FE}.Debug|Any CPU.Build.0 = Debug|Any CPU
		{6F1E0AC9-B64F-4B90-B0E7-26F9BCDAC2FE}.Release|Any CPU.ActiveCfg = Release|Any CPU
		{6F1E0AC9-B64F-4B90-B0E7-26F9BCDAC2FE}.Release|Any CPU.Build.0 = Release|Any CPU
	EndGlobalSection
	GlobalSection(SolutionProperties) = preSolution
		HideSolutionNode = FALSE
	EndGlobalSection
	GlobalSection(ExtensibilityGlobals) = postSolution
		SolutionGuid = {2C263CAF-412E-4DE5-975B-D51A30BD347B}
	EndGlobalSection
EndGlobal
